
Microsoft Visual Studio Solution File, Format Version 12.00
# Visual Studio Version 16
VisualStudioVersion = 16.0.31205.134
MinimumVisualStudioVersion = 10.0.40219.1
Project("{FAE04EC0-301F-11D3-BF4B-00C04F79EFBC}") = "RF4STextureExtractor", "RF4STextureExtractor\RF4STextureExtractor.csproj", "{1C06E3AB-3BE3-45F9-8C92-386C716E0715}"
EndProject
Global
	GlobalSection(SolutionConfigurationPlatforms) = preSolution
		Debug|Any CPU = Debug|Any CPU
		Release|Any CPU = Release|Any CPU
	EndGlobalSection
	GlobalSection(ProjectConfigurationPlatforms) = postSolution
		{1C06E3AB-3BE3-45F9-8C92-386C716E0715}.Debug|Any CPU.ActiveCfg = Debug|Any CPU
		{1C06E3AB-3BE3-45F9-8C92-386C716E0715}.Debug|Any CPU.Build.0 = Debug|Any CPU
		{1C06E3AB-3BE3-45F9-8C92-386C716E0715}.Release|Any CPU.ActiveCfg = Release|Any CPU
		{1C06E3AB-3BE3-45F9-8C92-386C716E0715}.Release|Any CPU.Build.0 = Release|Any CPU
	EndGlobalSection
	GlobalSection(SolutionProperties) = preSolution
		HideSolutionNode = FALSE
	EndGlobalSection
	GlobalSection(ExtensibilityGlobals) = postSolution
		SolutionGuid = {03BB113F-0006-4B08-80C8-66E636AF658F}
	EndGlobalSection
EndGlobal
